
Microsoft Visual Studio Solution File, Format Version 12.00
# Visual Studio Version 17
VisualStudioVersion = 17.11.35303.130
MinimumVisualStudioVersion = 10.0.40219.1
Project("{2150E333-8FDC-42A3-9474-1A3956D46DE8}") = "Warmup", "Warmup", "{E725F34B-E294-4C3A-A152-5DA0EE69EAFD}"
EndProject
Project("{FAE04EC0-301F-11D3-BF4B-00C04F79EFBC}") = "MiniMaxSum", "Warmup\MiniMaxSum\MiniMaxSum.csproj", "{EB219B77-BEA1-4995-91C0-FC040753B30B}"
EndProject
Project("{2150E333-8FDC-42A3-9474-1A3956D46DE8}") = "08 - MiniMaxSum", "08 - MiniMaxSum", "{9FB7CC31-277B-4093-999D-BC427FB01245}"
EndProject
Project("{2150E333-8FDC-42A3-9474-1A3956D46DE8}") = "09 - Birthday Cake Candles", "09 - Birthday Cake Candles", "{9944A03C-BDD0-427E-A13C-ACA16F331BEB}"
EndProject
Project("{FAE04EC0-301F-11D3-BF4B-00C04F79EFBC}") = "BirthdayCakeCandles", "Warmup\BirthdayCakeCandles\BirthdayCakeCandles.csproj", "{F9A641AD-6517-498F-B05E-E0D86CE754E1}"
EndProject
Project("{2150E333-8FDC-42A3-9474-1A3956D46DE8}") = "10 - Time Conversion", "10 - Time Conversion", "{94652A36-1F5C-4005-8AF0-47C3AC088FCF}"
EndProject
Project("{FAE04EC0-301F-11D3-BF4B-00C04F79EFBC}") = "TimeConversion", "Warmup\TimeConversion\TimeConversion.csproj", "{913E9DEB-ED5E-4B52-9B70-73551601EC88}"
EndProject
Project("{2150E333-8FDC-42A3-9474-1A3956D46DE8}") = "01 - Solve Me First", "01 - Solve Me First", "{F7D734B7-6E1E-4916-8DFA-9470C559BAEC}"
EndProject
Project("{FAE04EC0-301F-11D3-BF4B-00C04F79EFBC}") = "SolveMeFirst", "Warmup\SolveMeFirst\SolveMeFirst.csproj", "{F192E8E8-2149-4661-8256-E8B5576780D3}"
EndProject
Project("{2150E333-8FDC-42A3-9474-1A3956D46DE8}") = "02 - Simple Array Sum", "02 - Simple Array Sum", "{FB5E4F90-D0B3-4A8E-B9C5-B5E755120859}"
EndProject
Project("{FAE04EC0-301F-11D3-BF4B-00C04F79EFBC}") = "SimpleArraySum", "Warmup\SimpleArraySum\SimpleArraySum.csproj", "{2E4C551D-0D68-423A-9949-CE9196C6EDCB}"
EndProject
Project("{2150E333-8FDC-42A3-9474-1A3956D46DE8}") = "03 - Compare The Triplets", "03 - Compare The Triplets", "{95A60A84-C554-44CF-9E2C-14EE7E0F64E7}"
EndProject
Project("{FAE04EC0-301F-11D3-BF4B-00C04F79EFBC}") = "CompareTheTriplets", "Warmup\CompareTheTriplets\CompareTheTriplets.csproj", "{8A7D00A6-460B-4D8F-9F78-639D38AC8B2C}"
EndProject
Project("{2150E333-8FDC-42A3-9474-1A3956D46DE8}") = "04 - A Very Big Sum", "04 - A Very Big Sum", "{F57AEE54-3F78-45A7-9345-874BC9062E3B}"
EndProject
Project("{FAE04EC0-301F-11D3-BF4B-00C04F79EFBC}") = "AVeryBigSum", "Warmup\AVeryBigSum\AVeryBigSum.csproj", "{14120DEA-78E9-474C-9A13-7E91927159EC}"
EndProject
Project("{2150E333-8FDC-42A3-9474-1A3956D46DE8}") = "05 - Diagonal Difference", "05 - Diagonal Difference", "{83B9FA8F-5D09-4A38-B723-AF122D0B9EC9}"
EndProject
Project("{FAE04EC0-301F-11D3-BF4B-00C04F79EFBC}") = "DiagonalDifference", "Warmup\DiagonalDifference\DiagonalDifference.csproj", "{A2BCF73B-6A76-4AA9-99D9-75DA568A5D61}"
EndProject
Global
	GlobalSection(SolutionConfigurationPlatforms) = preSolution
		Debug|Any CPU = Debug|Any CPU
		Release|Any CPU = Release|Any CPU
	EndGlobalSection
	GlobalSection(ProjectConfigurationPlatforms) = postSolution
		{EB219B77-BEA1-4995-91C0-FC040753B30B}.Debug|Any CPU.ActiveCfg = Debug|Any CPU
		{EB219B77-BEA1-4995-91C0-FC040753B30B}.Debug|Any CPU.Build.0 = Debug|Any CPU
		{EB219B77-BEA1-4995-91C0-FC040753B30B}.Release|Any CPU.ActiveCfg = Release|Any CPU
		{EB219B77-BEA1-4995-91C0-FC040753B30B}.Release|Any CPU.Build.0 = Release|Any CPU
		{F9A641AD-6517-498F-B05E-E0D86CE754E1}.Debug|Any CPU.ActiveCfg = Debug|Any CPU
		{F9A641AD-6517-498F-B05E-E0D86CE754E1}.Debug|Any CPU.Build.0 = Debug|Any CPU
		{F9A641AD-6517-498F-B05E-E0D86CE754E1}.Release|Any CPU.ActiveCfg = Release|Any CPU
		{F9A641AD-6517-498F-B05E-E0D86CE754E1}.Release|Any CPU.Build.0 = Release|Any CPU
		{913E9DEB-ED5E-4B52-9B70-73551601EC88}.Debug|Any CPU.ActiveCfg = Debug|Any CPU
		{913E9DEB-ED5E-4B52-9B70-73551601EC88}.Debug|Any CPU.Build.0 = Debug|Any CPU
		{913E9DEB-ED5E-4B52-9B70-73551601EC88}.Release|Any CPU.ActiveCfg = Release|Any CPU
		{913E9DEB-ED5E-4B52-9B70-73551601EC88}.Release|Any CPU.Build.0 = Release|Any CPU
		{F192E8E8-2149-4661-8256-E8B5576780D3}.Debug|Any CPU.ActiveCfg = Debug|Any CPU
		{F192E8E8-2149-4661-8256-E8B5576780D3}.Debug|Any CPU.Build.0 = Debug|Any CPU
		{F192E8E8-2149-4661-8256-E8B5576780D3}.Release|Any CPU.ActiveCfg = Release|Any CPU
		{F192E8E8-2149-4661-8256-E8B5576780D3}.Release|Any CPU.Build.0 = Release|Any CPU
		{2E4C551D-0D68-423A-9949-CE9196C6EDCB}.Debug|Any CPU.ActiveCfg = Debug|Any CPU
		{2E4C551D-0D68-423A-9949-CE9196C6EDCB}.Debug|Any CPU.Build.0 = Debug|Any CPU
		{2E4C551D-0D68-423A-9949-CE9196C6EDCB}.Release|Any CPU.ActiveCfg = Release|Any CPU
		{2E4C551D-0D68-423A-9949-CE9196C6EDCB}.Release|Any CPU.Build.0 = Release|Any CPU
		{8A7D00A6-460B-4D8F-9F78-639D38AC8B2C}.Debug|Any CPU.ActiveCfg = Debug|Any CPU
		{8A7D00A6-460B-4D8F-9F78-639D38AC8B2C}.Debug|Any CPU.Build.0 = Debug|Any CPU
		{8A7D00A6-460B-4D8F-9F78-639D38AC8B2C}.Release|Any CPU.ActiveCfg = Release|Any CPU
		{8A7D00A6-460B-4D8F-9F78-639D38AC8B2C}.Release|Any CPU.Build.0 = Release|Any CPU
		{14120DEA-78E9-474C-9A13-7E91927159EC}.Debug|Any CPU.ActiveCfg = Debug|Any CPU
		{14120DEA-78E9-474C-9A13-7E91927159EC}.Debug|Any CPU.Build.0 = Debug|Any CPU
		{14120DEA-78E9-474C-9A13-7E91927159EC}.Release|Any CPU.ActiveCfg = Release|Any CPU
		{14120DEA-78E9-474C-9A13-7E91927159EC}.Release|Any CPU.Build.0 = Release|Any CPU
		{A2BCF73B-6A76-4AA9-99D9-75DA568A5D61}.Debug|Any CPU.ActiveCfg = Debug|Any CPU
		{A2BCF73B-6A76-4AA9-99D9-75DA568A5D61}.Debug|Any CPU.Build.0 = Debug|Any CPU
		{A2BCF73B-6A76-4AA9-99D9-75DA568A5D61}.Release|Any CPU.ActiveCfg = Release|Any CPU
		{A2BCF73B-6A76-4AA9-99D9-75DA568A5D61}.Release|Any CPU.Build.0 = Release|Any CPU
	EndGlobalSection
	GlobalSection(SolutionProperties) = preSolution
		HideSolutionNode = FALSE
	EndGlobalSection
	GlobalSection(NestedProjects) = preSolution
		{EB219B77-BEA1-4995-91C0-FC040753B30B} = {9FB7CC31-277B-4093-999D-BC427FB01245}
		{9FB7CC31-277B-4093-999D-BC427FB01245} = {E725F34B-E294-4C3A-A152-5DA0EE69EAFD}
		{9944A03C-BDD0-427E-A13C-ACA16F331BEB} = {E725F34B-E294-4C3A-A152-5DA0EE69EAFD}
		{F9A641AD-6517-498F-B05E-E0D86CE754E1} = {9944A03C-BDD0-427E-A13C-ACA16F331BEB}
		{94652A36-1F5C-4005-8AF0-47C3AC088FCF} = {E725F34B-E294-4C3A-A152-5DA0EE69EAFD}
		{913E9DEB-ED5E-4B52-9B70-73551601EC88} = {94652A36-1F5C-4005-8AF0-47C3AC088FCF}
		{F7D734B7-6E1E-4916-8DFA-9470C559BAEC} = {E725F34B-E294-4C3A-A152-5DA0EE69EAFD}
		{F192E8E8-2149-4661-8256-E8B5576780D3} = {F7D734B7-6E1E-4916-8DFA-9470C559BAEC}
		{FB5E4F90-D0B3-4A8E-B9C5-B5E755120859} = {E725F34B-E294-4C3A-A152-5DA0EE69EAFD}
		{2E4C551D-0D68-423A-9949-CE9196C6EDCB} = {FB5E4F90-D0B3-4A8E-B9C5-B5E755120859}
		{95A60A84-C554-44CF-9E2C-14EE7E0F64E7} = {E725F34B-E294-4C3A-A152-5DA0EE69EAFD}
		{8A7D00A6-460B-4D8F-9F78-639D38AC8B2C} = {95A60A84-C554-44CF-9E2C-14EE7E0F64E7}
		{F57AEE54-3F78-45A7-9345-874BC9062E3B} = {E725F34B-E294-4C3A-A152-5DA0EE69EAFD}
		{14120DEA-78E9-474C-9A13-7E91927159EC} = {F57AEE54-3F78-45A7-9345-874BC9062E3B}
		{83B9FA8F-5D09-4A38-B723-AF122D0B9EC9} = {E725F34B-E294-4C3A-A152-5DA0EE69EAFD}
		{A2BCF73B-6A76-4AA9-99D9-75DA568A5D61} = {83B9FA8F-5D09-4A38-B723-AF122D0B9EC9}
	EndGlobalSection
	GlobalSection(ExtensibilityGlobals) = postSolution
		SolutionGuid = {3F923A44-4BC8-42A0-A203-13B5E60CBB4C}
	EndGlobalSection
EndGlobal
